
Microsoft Visual Studio Solution File, Format Version 12.00
# Visual Studio Version 17
VisualStudioVersion = 17.11.35222.181
MinimumVisualStudioVersion = 10.0.40219.1
Project("{2150E333-8FDC-42A3-9474-1A3956D46DE8}") = "Services", "Services", "{2F8A8DC0-319F-4118-9432-3065DB9E42DD}"
EndProject
Project("{2150E333-8FDC-42A3-9474-1A3956D46DE8}") = "Catalog", "Catalog", "{0E3DD513-7E72-4E63-8F3E-F24E0EF0C283}"
EndProject
Project("{9A19103F-16F7-4668-BE54-9A1E7A4F7556}") = "Catalog.API", "Services\Catalog\Catalog.API\Catalog.API.csproj", "{44D8DAFD-7E0A-4BF8-917A-F0DD46F24466}"
EndProject
Project("{2150E333-8FDC-42A3-9474-1A3956D46DE8}") = "BuildingBlocks", "BuildingBlocks", "{82EAD365-03A1-4A21-912B-D060CD977B1B}"
EndProject
Project("{FAE04EC0-301F-11D3-BF4B-00C04F79EFBC}") = "BuildingBlocks", "BuildingBlocks\BuildingBlocks\BuildingBlocks.csproj", "{67909C3E-D0CC-4FB8-BFD2-C8B866FA795C}"
EndProject
Global
	GlobalSection(SolutionConfigurationPlatforms) = preSolution
		Debug|Any CPU = Debug|Any CPU
		Release|Any CPU = Release|Any CPU
	EndGlobalSection
	GlobalSection(ProjectConfigurationPlatforms) = postSolution
		{44D8DAFD-7E0A-4BF8-917A-F0DD46F24466}.Debug|Any CPU.ActiveCfg = Debug|Any CPU
		{44D8DAFD-7E0A-4BF8-917A-F0DD46F24466}.Debug|Any CPU.Build.0 = Debug|Any CPU
		{44D8DAFD-7E0A-4BF8-917A-F0DD46F24466}.Release|Any CPU.ActiveCfg = Release|Any CPU
		{44D8DAFD-7E0A-4BF8-917A-F0DD46F24466}.Release|Any CPU.Build.0 = Release|Any CPU
		{67909C3E-D0CC-4FB8-BFD2-C8B866FA795C}.Debug|Any CPU.ActiveCfg = Debug|Any CPU
		{67909C3E-D0CC-4FB8-BFD2-C8B866FA795C}.Debug|Any CPU.Build.0 = Debug|Any CPU
		{67909C3E-D0CC-4FB8-BFD2-C8B866FA795C}.Release|Any CPU.ActiveCfg = Release|Any CPU
		{67909C3E-D0CC-4FB8-BFD2-C8B866FA795C}.Release|Any CPU.Build.0 = Release|Any CPU
	EndGlobalSection
	GlobalSection(SolutionProperties) = preSolution
		HideSolutionNode = FALSE
	EndGlobalSection
	GlobalSection(NestedProjects) = preSolution
		{0E3DD513-7E72-4E63-8F3E-F24E0EF0C283} = {2F8A8DC0-319F-4118-9432-3065DB9E42DD}
		{44D8DAFD-7E0A-4BF8-917A-F0DD46F24466} = {0E3DD513-7E72-4E63-8F3E-F24E0EF0C283}
		{67909C3E-D0CC-4FB8-BFD2-C8B866FA795C} = {82EAD365-03A1-4A21-912B-D060CD977B1B}
	EndGlobalSection
	GlobalSection(ExtensibilityGlobals) = postSolution
		SolutionGuid = {9B65FE63-A6F3-4557-9363-AB09EF47EED3}
	EndGlobalSection
EndGlobal
